
Microsoft Visual Studio Solution File, Format Version 12.00
# Visual Studio Version 17
VisualStudioVersion = 17.8.34511.84
MinimumVisualStudioVersion = 10.0.40219.1
Project("{FAE04EC0-301F-11D3-BF4B-00C04F79EFBC}") = "DGD203 RIDDLE 2", "DGD203 RIDDLE 2.csproj", "{15638328-F8EB-4A64-A316-8628687EFED0}"
EndProject
Global
	GlobalSection(SolutionConfigurationPlatforms) = preSolution
		Debug|Any CPU = Debug|Any CPU
		Release|Any CPU = Release|Any CPU
	EndGlobalSection
	GlobalSection(ProjectConfigurationPlatforms) = postSolution
		{15638328-F8EB-4A64-A316-8628687EFED0}.Debug|Any CPU.ActiveCfg = Debug|Any CPU
		{15638328-F8EB-4A64-A316-8628687EFED0}.Debug|Any CPU.Build.0 = Debug|Any CPU
		{15638328-F8EB-4A64-A316-8628687EFED0}.Release|Any CPU.ActiveCfg = Release|Any CPU
		{15638328-F8EB-4A64-A316-8628687EFED0}.Release|Any CPU.Build.0 = Release|Any CPU
	EndGlobalSection
	GlobalSection(SolutionProperties) = preSolution
		HideSolutionNode = FALSE
	EndGlobalSection
	GlobalSection(ExtensibilityGlobals) = postSolution
		SolutionGuid = {FB01EB31-61F4-4FC0-A370-0C510C806AA4}
	EndGlobalSection
EndGlobal
